
Microsoft Visual Studio Solution File, Format Version 12.00
# Visual Studio Version 17
VisualStudioVersion = 17.4.33213.308
MinimumVisualStudioVersion = 10.0.40219.1
Project("{9A19103F-16F7-4668-BE54-9A1E7A4F7556}") = "APIGateway", "src\APIGateway\APIGateway.csproj", "{EC8DA22D-9D90-434C-AF85-CD4D0DCED0E4}"
EndProject
Project("{E53339B2-1760-4266-BCC7-CA923CBCF16C}") = "docker-compose", "docker-compose.dcproj", "{BFD999F9-3365-40B9-9BF2-8DC98A815288}"
EndProject
Project("{2150E333-8FDC-42A3-9474-1A3956D46DE8}") = "src", "src", "{6D04C578-91D0-4B3A-860D-8D4C2F75286B}"
EndProject
Project("{2150E333-8FDC-42A3-9474-1A3956D46DE8}") = "TheGoodFramework", "TheGoodFramework", "{AA02579D-7F5E-4470-ACB4-D23689B646BB}"
EndProject
Project("{2150E333-8FDC-42A3-9474-1A3956D46DE8}") = "src", "src", "{E165D3AD-06A5-4D03-A2BB-26702119F746}"
EndProject
Project("{9A19103F-16F7-4668-BE54-9A1E7A4F7556}") = "TGF.Common.Logging", "TheGoodFramework\src\Common\TheGoodFramework.Common.Logging\TGF.Common.Logging.csproj", "{C6448EB0-0527-4352-B3D5-9B055B5D9989}"
EndProject
Project("{2150E333-8FDC-42A3-9474-1A3956D46DE8}") = "Mandril", "Mandril", "{C99E2FEE-FF97-45D3-A364-87B638F82D3C}"
EndProject
Project("{2150E333-8FDC-42A3-9474-1A3956D46DE8}") = "src", "src", "{D666E33F-6E19-435F-B1E1-B1746AF444C2}"
EndProject
Project("{9A19103F-16F7-4668-BE54-9A1E7A4F7556}") = "MandrilAPI", "Mandril\src\MandrilAPI\MandrilAPI.csproj", "{2B7A9278-CCD8-4AFE-82D1-6BFD231FFFCD}"
EndProject
Project("{9A19103F-16F7-4668-BE54-9A1E7A4F7556}") = "MandrilBot", "Mandril\src\MandrilBot\MandrilBot.csproj", "{BF00A6DE-2FAB-4C89-AAAE-DA730ED0504C}"
EndProject
Project("{2150E333-8FDC-42A3-9474-1A3956D46DE8}") = "CleanArchitecture", "CleanArchitecture", "{6213E9ED-68B2-4EDB-83F8-3A27F3DFE76B}"
EndProject
Project("{2150E333-8FDC-42A3-9474-1A3956D46DE8}") = "doc", "doc", "{2FE34A80-9202-4D23-AE67-33B1AE3C3944}"
	ProjectSection(SolutionItems) = preProject
		doc\ClassDiagram.png = doc\ClassDiagram.png
	EndProjectSection
EndProject
Project("{2150E333-8FDC-42A3-9474-1A3956D46DE8}") = "Common", "Common", "{E29E6511-BCCD-4B0C-BA60-E92F3DA864BC}"
EndProject
Project("{9A19103F-16F7-4668-BE54-9A1E7A4F7556}") = "TGF.Common.Extensions", "TheGoodFramework\src\Common\TheGoodFramework.Common.Extensions\TGF.Common.Extensions.csproj", "{044D251E-DEC5-47E5-A8D0-FDE53BFF9062}"
EndProject
Project("{9A19103F-16F7-4668-BE54-9A1E7A4F7556}") = "TGF.Common.ROP", "TheGoodFramework\src\Common\TheGoodFramework.Common.ROP\TGF.Common.ROP.csproj", "{D5706821-96EE-49EC-B352-7379A5052014}"
EndProject
Project("{2150E333-8FDC-42A3-9474-1A3956D46DE8}") = "Application", "Application", "{B369A7F9-B5AA-4B6E-91CC-DC7EF8CE25D5}"
EndProject
Project("{2150E333-8FDC-42A3-9474-1A3956D46DE8}") = "Infrastructure", "Infrastructure", "{CC273CDD-726D-4637-BDCD-BCE9C8F7F889}"
EndProject
Project("{2150E333-8FDC-42A3-9474-1A3956D46DE8}") = "Presentation", "Presentation", "{674FFF43-66CF-4669-8A0F-444501EF49DF}"
EndProject
Project("{9A19103F-16F7-4668-BE54-9A1E7A4F7556}") = "TGF.CA.Presentation.Middleware", "TheGoodFramework\src\CleanArchitecture\Presentation\TGF.CA.Presentation.Middleware\TGF.CA.Presentation.Middleware.csproj", "{5DE99914-4454-4320-88D9-03E8A1D3488B}"
EndProject
Project("{9A19103F-16F7-4668-BE54-9A1E7A4F7556}") = "TGF.CA.Infrastructure.Communication", "TheGoodFramework\src\CleanArchitecture\Infrastructure\TGF.CA.Infrastructure.Communication\TGF.CA.Infrastructure.Communication.csproj", "{75ED2E54-8E95-4B81-950C-17C556C011C4}"
EndProject
Project("{9A19103F-16F7-4668-BE54-9A1E7A4F7556}") = "TGF.CA.Infrastructure.Discovery", "TheGoodFramework\src\CleanArchitecture\Infrastructure\TGF.CA.Infrastructure.Discovery\TGF.CA.Infrastructure.Discovery.csproj", "{62B13DDD-CDD8-475D-BD27-63185C15D9CD}"
EndProject
Project("{9A19103F-16F7-4668-BE54-9A1E7A4F7556}") = "TGF.CA.Infrastructure.Persistence", "TheGoodFramework\src\CleanArchitecture\Infrastructure\TGF.CA.Infrastructure.Persistence\TGF.CA.Infrastructure.Persistence.csproj", "{719039F9-88A5-4EC7-A0E8-527797BA53B4}"
EndProject
Project("{2150E333-8FDC-42A3-9474-1A3956D46DE8}") = "Domain", "Domain", "{7B1B220E-589E-49F3-803D-6838402E2F7C}"
EndProject
Project("{9A19103F-16F7-4668-BE54-9A1E7A4F7556}") = "TGF.CA.Domain", "TheGoodFramework\src\CleanArchitecture\Domain\TheGoodFramework.CA.Domain\TGF.CA.Domain.csproj", "{5B385265-7968-4C94-99CC-400D206444BF}"
EndProject
Project("{9A19103F-16F7-4668-BE54-9A1E7A4F7556}") = "TGF.CA.Application.Setup", "TheGoodFramework\src\CleanArchitecture\Application\TheGoodFramework.CA.Application\TGF.CA.Application.Setup.csproj", "{7D41D21D-3278-493C-A72C-0169A7AA079F}"
EndProject
Project("{9A19103F-16F7-4668-BE54-9A1E7A4F7556}") = "TGF.Common.Serialization", "TheGoodFramework\src\Common\TheGoodFramework.Common.Serialization\TGF.Common.Serialization.csproj", "{AF0EFDF7-4C5D-4B21-9455-96BD080AE88F}"
EndProject
Project("{2150E333-8FDC-42A3-9474-1A3956D46DE8}") = "IntegrationTests", "IntegrationTests", "{8E16FE6A-6120-4F5D-9E4F-E816B89092C8}"
EndProject
Project("{2150E333-8FDC-42A3-9474-1A3956D46DE8}") = "Tests", "Tests", "{7EBA9AC7-69F6-4FF5-BC57-63A7F3C7B2DB}"
EndProject
Project("{9A19103F-16F7-4668-BE54-9A1E7A4F7556}") = "Mandril.API.IntegrationTests", "Mandril\src\Tests\IntegrationTests\Mandril.API.IntegrationTests\Mandril.API.IntegrationTests.csproj", "{91CEFA60-9B1D-4C84-8490-CB462541456D}"
EndProject
Project("{9A19103F-16F7-4668-BE54-9A1E7A4F7556}") = "TGF.Common.Net", "TheGoodFramework\src\Common\TheGoodFramework.Common.Net\TGF.Common.Net.csproj", "{D2B28297-1472-43DC-B758-56D525F40A56}"
EndProject
Project("{2150E333-8FDC-42A3-9474-1A3956D46DE8}") = "Security", "Security", "{E131E12D-D69B-4B58-A7CD-C767F8E01583}"
EndProject
Project("{9A19103F-16F7-4668-BE54-9A1E7A4F7556}") = "TGF.CA.Infrastructure.Security.Identity", "TheGoodFramework\src\CleanArchitecture\Infrastructure\Security\TGF.CA.Infrastructure.Security.Identity\TGF.CA.Infrastructure.Security.Identity.csproj", "{AEA681C8-A7AF-4AA4-B41B-F7030691FCFF}"
EndProject
Project("{2150E333-8FDC-42A3-9474-1A3956D46DE8}") = "Microservices", "Microservices", "{780FE547-D7A2-4D9A-BBC3-D0BBFA03C95D}"
EndProject
Project("{9A19103F-16F7-4668-BE54-9A1E7A4F7556}") = "MembersAPI", "src\Microservices\MembersAPI\MembersAPI.csproj", "{8E84C448-6294-4ABA-B301-C0AC89ED9566}"
EndProject
Project("{9A19103F-16F7-4668-BE54-9A1E7A4F7556}") = "TGF.CA.Infrastructure.Security.Secrets", "TheGoodFramework\src\CleanArchitecture\Infrastructure\Security\TGF.CA.Infrastructure.Security.Secrets\TGF.CA.Infrastructure.Security.Secrets.csproj", "{A729BB37-B193-4B55-A94B-70BF984DBCFA}"
EndProject
Global
	GlobalSection(SolutionConfigurationPlatforms) = preSolution
		Debug|Any CPU = Debug|Any CPU
		Release|Any CPU = Release|Any CPU
	EndGlobalSection
	GlobalSection(ProjectConfigurationPlatforms) = postSolution
		{EC8DA22D-9D90-434C-AF85-CD4D0DCED0E4}.Debug|Any CPU.ActiveCfg = Debug|Any CPU
		{EC8DA22D-9D90-434C-AF85-CD4D0DCED0E4}.Debug|Any CPU.Build.0 = Debug|Any CPU
		{EC8DA22D-9D90-434C-AF85-CD4D0DCED0E4}.Release|Any CPU.ActiveCfg = Release|Any CPU
		{EC8DA22D-9D90-434C-AF85-CD4D0DCED0E4}.Release|Any CPU.Build.0 = Release|Any CPU
		{BFD999F9-3365-40B9-9BF2-8DC98A815288}.Debug|Any CPU.ActiveCfg = Debug|Any CPU
		{BFD999F9-3365-40B9-9BF2-8DC98A815288}.Debug|Any CPU.Build.0 = Debug|Any CPU
		{BFD999F9-3365-40B9-9BF2-8DC98A815288}.Release|Any CPU.ActiveCfg = Release|Any CPU
		{BFD999F9-3365-40B9-9BF2-8DC98A815288}.Release|Any CPU.Build.0 = Release|Any CPU
		{C6448EB0-0527-4352-B3D5-9B055B5D9989}.Debug|Any CPU.ActiveCfg = Debug|Any CPU
		{C6448EB0-0527-4352-B3D5-9B055B5D9989}.Debug|Any CPU.Build.0 = Debug|Any CPU
		{C6448EB0-0527-4352-B3D5-9B055B5D9989}.Release|Any CPU.ActiveCfg = Release|Any CPU
		{C6448EB0-0527-4352-B3D5-9B055B5D9989}.Release|Any CPU.Build.0 = Release|Any CPU
		{2B7A9278-CCD8-4AFE-82D1-6BFD231FFFCD}.Debug|Any CPU.ActiveCfg = Debug|Any CPU
		{2B7A9278-CCD8-4AFE-82D1-6BFD231FFFCD}.Debug|Any CPU.Build.0 = Debug|Any CPU
		{2B7A9278-CCD8-4AFE-82D1-6BFD231FFFCD}.Release|Any CPU.ActiveCfg = Release|Any CPU
		{2B7A9278-CCD8-4AFE-82D1-6BFD231FFFCD}.Release|Any CPU.Build.0 = Release|Any CPU
		{BF00A6DE-2FAB-4C89-AAAE-DA730ED0504C}.Debug|Any CPU.ActiveCfg = Debug|Any CPU
		{BF00A6DE-2FAB-4C89-AAAE-DA730ED0504C}.Debug|Any CPU.Build.0 = Debug|Any CPU
		{BF00A6DE-2FAB-4C89-AAAE-DA730ED0504C}.Release|Any CPU.ActiveCfg = Release|Any CPU
		{BF00A6DE-2FAB-4C89-AAAE-DA730ED0504C}.Release|Any CPU.Build.0 = Release|Any CPU
		{044D251E-DEC5-47E5-A8D0-FDE53BFF9062}.Debug|Any CPU.ActiveCfg = Debug|Any CPU
		{044D251E-DEC5-47E5-A8D0-FDE53BFF9062}.Debug|Any CPU.Build.0 = Debug|Any CPU
		{044D251E-DEC5-47E5-A8D0-FDE53BFF9062}.Release|Any CPU.ActiveCfg = Release|Any CPU
		{044D251E-DEC5-47E5-A8D0-FDE53BFF9062}.Release|Any CPU.Build.0 = Release|Any CPU
		{D5706821-96EE-49EC-B352-7379A5052014}.Debug|Any CPU.ActiveCfg = Debug|Any CPU
		{D5706821-96EE-49EC-B352-7379A5052014}.Debug|Any CPU.Build.0 = Debug|Any CPU
		{D5706821-96EE-49EC-B352-7379A5052014}.Release|Any CPU.ActiveCfg = Release|Any CPU
		{D5706821-96EE-49EC-B352-7379A5052014}.Release|Any CPU.Build.0 = Release|Any CPU
		{5DE99914-4454-4320-88D9-03E8A1D3488B}.Debug|Any CPU.ActiveCfg = Debug|Any CPU
		{5DE99914-4454-4320-88D9-03E8A1D3488B}.Debug|Any CPU.Build.0 = Debug|Any CPU
		{5DE99914-4454-4320-88D9-03E8A1D3488B}.Release|Any CPU.ActiveCfg = Release|Any CPU
		{5DE99914-4454-4320-88D9-03E8A1D3488B}.Release|Any CPU.Build.0 = Release|Any CPU
		{75ED2E54-8E95-4B81-950C-17C556C011C4}.Debug|Any CPU.ActiveCfg = Debug|Any CPU
		{75ED2E54-8E95-4B81-950C-17C556C011C4}.Debug|Any CPU.Build.0 = Debug|Any CPU
		{75ED2E54-8E95-4B81-950C-17C556C011C4}.Release|Any CPU.ActiveCfg = Release|Any CPU
		{75ED2E54-8E95-4B81-950C-17C556C011C4}.Release|Any CPU.Build.0 = Release|Any CPU
		{62B13DDD-CDD8-475D-BD27-63185C15D9CD}.Debug|Any CPU.ActiveCfg = Debug|Any CPU
		{62B13DDD-CDD8-475D-BD27-63185C15D9CD}.Debug|Any CPU.Build.0 = Debug|Any CPU
		{62B13DDD-CDD8-475D-BD27-63185C15D9CD}.Release|Any CPU.ActiveCfg = Release|Any CPU
		{62B13DDD-CDD8-475D-BD27-63185C15D9CD}.Release|Any CPU.Build.0 = Release|Any CPU
		{719039F9-88A5-4EC7-A0E8-527797BA53B4}.Debug|Any CPU.ActiveCfg = Debug|Any CPU
		{719039F9-88A5-4EC7-A0E8-527797BA53B4}.Debug|Any CPU.Build.0 = Debug|Any CPU
		{719039F9-88A5-4EC7-A0E8-527797BA53B4}.Release|Any CPU.ActiveCfg = Release|Any CPU
		{719039F9-88A5-4EC7-A0E8-527797BA53B4}.Release|Any CPU.Build.0 = Release|Any CPU
		{5B385265-7968-4C94-99CC-400D206444BF}.Debug|Any CPU.ActiveCfg = Debug|Any CPU
		{5B385265-7968-4C94-99CC-400D206444BF}.Debug|Any CPU.Build.0 = Debug|Any CPU
		{5B385265-7968-4C94-99CC-400D206444BF}.Release|Any CPU.ActiveCfg = Release|Any CPU
		{5B385265-7968-4C94-99CC-400D206444BF}.Release|Any CPU.Build.0 = Release|Any CPU
		{7D41D21D-3278-493C-A72C-0169A7AA079F}.Debug|Any CPU.ActiveCfg = Debug|Any CPU
		{7D41D21D-3278-493C-A72C-0169A7AA079F}.Debug|Any CPU.Build.0 = Debug|Any CPU
		{7D41D21D-3278-493C-A72C-0169A7AA079F}.Release|Any CPU.ActiveCfg = Release|Any CPU
		{7D41D21D-3278-493C-A72C-0169A7AA079F}.Release|Any CPU.Build.0 = Release|Any CPU
		{AF0EFDF7-4C5D-4B21-9455-96BD080AE88F}.Debug|Any CPU.ActiveCfg = Debug|Any CPU
		{AF0EFDF7-4C5D-4B21-9455-96BD080AE88F}.Debug|Any CPU.Build.0 = Debug|Any CPU
		{AF0EFDF7-4C5D-4B21-9455-96BD080AE88F}.Release|Any CPU.ActiveCfg = Release|Any CPU
		{AF0EFDF7-4C5D-4B21-9455-96BD080AE88F}.Release|Any CPU.Build.0 = Release|Any CPU
		{91CEFA60-9B1D-4C84-8490-CB462541456D}.Debug|Any CPU.ActiveCfg = Debug|Any CPU
		{91CEFA60-9B1D-4C84-8490-CB462541456D}.Debug|Any CPU.Build.0 = Debug|Any CPU
		{91CEFA60-9B1D-4C84-8490-CB462541456D}.Release|Any CPU.ActiveCfg = Release|Any CPU
		{91CEFA60-9B1D-4C84-8490-CB462541456D}.Release|Any CPU.Build.0 = Release|Any CPU
		{D2B28297-1472-43DC-B758-56D525F40A56}.Debug|Any CPU.ActiveCfg = Debug|Any CPU
		{D2B28297-1472-43DC-B758-56D525F40A56}.Debug|Any CPU.Build.0 = Debug|Any CPU
		{D2B28297-1472-43DC-B758-56D525F40A56}.Release|Any CPU.ActiveCfg = Release|Any CPU
		{D2B28297-1472-43DC-B758-56D525F40A56}.Release|Any CPU.Build.0 = Release|Any CPU
		{AEA681C8-A7AF-4AA4-B41B-F7030691FCFF}.Debug|Any CPU.ActiveCfg = Debug|Any CPU
		{AEA681C8-A7AF-4AA4-B41B-F7030691FCFF}.Debug|Any CPU.Build.0 = Debug|Any CPU
		{AEA681C8-A7AF-4AA4-B41B-F7030691FCFF}.Release|Any CPU.ActiveCfg = Release|Any CPU
		{AEA681C8-A7AF-4AA4-B41B-F7030691FCFF}.Release|Any CPU.Build.0 = Release|Any CPU
		{8E84C448-6294-4ABA-B301-C0AC89ED9566}.Debug|Any CPU.ActiveCfg = Debug|Any CPU
		{8E84C448-6294-4ABA-B301-C0AC89ED9566}.Debug|Any CPU.Build.0 = Debug|Any CPU
		{8E84C448-6294-4ABA-B301-C0AC89ED9566}.Release|Any CPU.ActiveCfg = Release|Any CPU
		{8E84C448-6294-4ABA-B301-C0AC89ED9566}.Release|Any CPU.Build.0 = Release|Any CPU
		{A729BB37-B193-4B55-A94B-70BF984DBCFA}.Debug|Any CPU.ActiveCfg = Debug|Any CPU
		{A729BB37-B193-4B55-A94B-70BF984DBCFA}.Debug|Any CPU.Build.0 = Debug|Any CPU
		{A729BB37-B193-4B55-A94B-70BF984DBCFA}.Release|Any CPU.ActiveCfg = Release|Any CPU
		{A729BB37-B193-4B55-A94B-70BF984DBCFA}.Release|Any CPU.Build.0 = Release|Any CPU
	EndGlobalSection
	GlobalSection(SolutionProperties) = preSolution
		HideSolutionNode = FALSE
	EndGlobalSection
	GlobalSection(NestedProjects) = preSolution
		{EC8DA22D-9D90-434C-AF85-CD4D0DCED0E4} = {6D04C578-91D0-4B3A-860D-8D4C2F75286B}
		{E165D3AD-06A5-4D03-A2BB-26702119F746} = {AA02579D-7F5E-4470-ACB4-D23689B646BB}
		{C6448EB0-0527-4352-B3D5-9B055B5D9989} = {E29E6511-BCCD-4B0C-BA60-E92F3DA864BC}
		{D666E33F-6E19-435F-B1E1-B1746AF444C2} = {C99E2FEE-FF97-45D3-A364-87B638F82D3C}
		{2B7A9278-CCD8-4AFE-82D1-6BFD231FFFCD} = {D666E33F-6E19-435F-B1E1-B1746AF444C2}
		{BF00A6DE-2FAB-4C89-AAAE-DA730ED0504C} = {D666E33F-6E19-435F-B1E1-B1746AF444C2}
		{6213E9ED-68B2-4EDB-83F8-3A27F3DFE76B} = {E165D3AD-06A5-4D03-A2BB-26702119F746}
		{E29E6511-BCCD-4B0C-BA60-E92F3DA864BC} = {E165D3AD-06A5-4D03-A2BB-26702119F746}
		{044D251E-DEC5-47E5-A8D0-FDE53BFF9062} = {E29E6511-BCCD-4B0C-BA60-E92F3DA864BC}
		{D5706821-96EE-49EC-B352-7379A5052014} = {E29E6511-BCCD-4B0C-BA60-E92F3DA864BC}
		{B369A7F9-B5AA-4B6E-91CC-DC7EF8CE25D5} = {6213E9ED-68B2-4EDB-83F8-3A27F3DFE76B}
		{CC273CDD-726D-4637-BDCD-BCE9C8F7F889} = {6213E9ED-68B2-4EDB-83F8-3A27F3DFE76B}
		{674FFF43-66CF-4669-8A0F-444501EF49DF} = {6213E9ED-68B2-4EDB-83F8-3A27F3DFE76B}
		{5DE99914-4454-4320-88D9-03E8A1D3488B} = {674FFF43-66CF-4669-8A0F-444501EF49DF}
		{75ED2E54-8E95-4B81-950C-17C556C011C4} = {CC273CDD-726D-4637-BDCD-BCE9C8F7F889}
		{62B13DDD-CDD8-475D-BD27-63185C15D9CD} = {CC273CDD-726D-4637-BDCD-BCE9C8F7F889}
		{719039F9-88A5-4EC7-A0E8-527797BA53B4} = {CC273CDD-726D-4637-BDCD-BCE9C8F7F889}
		{7B1B220E-589E-49F3-803D-6838402E2F7C} = {6213E9ED-68B2-4EDB-83F8-3A27F3DFE76B}
		{5B385265-7968-4C94-99CC-400D206444BF} = {7B1B220E-589E-49F3-803D-6838402E2F7C}
		{7D41D21D-3278-493C-A72C-0169A7AA079F} = {B369A7F9-B5AA-4B6E-91CC-DC7EF8CE25D5}
		{AF0EFDF7-4C5D-4B21-9455-96BD080AE88F} = {E29E6511-BCCD-4B0C-BA60-E92F3DA864BC}
		{8E16FE6A-6120-4F5D-9E4F-E816B89092C8} = {7EBA9AC7-69F6-4FF5-BC57-63A7F3C7B2DB}
		{7EBA9AC7-69F6-4FF5-BC57-63A7F3C7B2DB} = {D666E33F-6E19-435F-B1E1-B1746AF444C2}
		{91CEFA60-9B1D-4C84-8490-CB462541456D} = {8E16FE6A-6120-4F5D-9E4F-E816B89092C8}
		{D2B28297-1472-43DC-B758-56D525F40A56} = {E29E6511-BCCD-4B0C-BA60-E92F3DA864BC}
		{E131E12D-D69B-4B58-A7CD-C767F8E01583} = {CC273CDD-726D-4637-BDCD-BCE9C8F7F889}
		{AEA681C8-A7AF-4AA4-B41B-F7030691FCFF} = {E131E12D-D69B-4B58-A7CD-C767F8E01583}
		{780FE547-D7A2-4D9A-BBC3-D0BBFA03C95D} = {6D04C578-91D0-4B3A-860D-8D4C2F75286B}
		{8E84C448-6294-4ABA-B301-C0AC89ED9566} = {780FE547-D7A2-4D9A-BBC3-D0BBFA03C95D}
		{A729BB37-B193-4B55-A94B-70BF984DBCFA} = {E131E12D-D69B-4B58-A7CD-C767F8E01583}
	EndGlobalSection
	GlobalSection(ExtensibilityGlobals) = postSolution
		SolutionGuid = {B49DFA00-1F27-4323-92D1-7C47221BEAA1}
	EndGlobalSection
EndGlobal
