
Microsoft Visual Studio Solution File, Format Version 12.00
# Visual Studio Version 17
VisualStudioVersion = 17.4.33213.308
MinimumVisualStudioVersion = 10.0.40219.1
Project("{9A19103F-16F7-4668-BE54-9A1E7A4F7556}") = "GuildManagerSCApiGateway", "src\GuildManagerSC\GuildManagerSCApiGateway.csproj", "{EC8DA22D-9D90-434C-AF85-CD4D0DCED0E4}"
EndProject
Project("{E53339B2-1760-4266-BCC7-CA923CBCF16C}") = "docker-compose", "docker-compose.dcproj", "{BFD999F9-3365-40B9-9BF2-8DC98A815288}"
EndProject
Project("{2150E333-8FDC-42A3-9474-1A3956D46DE8}") = "src", "src", "{6D04C578-91D0-4B3A-860D-8D4C2F75286B}"
EndProject
Project("{2150E333-8FDC-42A3-9474-1A3956D46DE8}") = "TheGoodFramework", "TheGoodFramework", "{AA02579D-7F5E-4470-ACB4-D23689B646BB}"
EndProject
Project("{2150E333-8FDC-42A3-9474-1A3956D46DE8}") = "src", "src", "{E165D3AD-06A5-4D03-A2BB-26702119F746}"
EndProject
Project("{9A19103F-16F7-4668-BE54-9A1E7A4F7556}") = "TGF.CA.Application", "TheGoodFramework\src\CleanArchitecture\TheGoodFramework.CA.Application\TGF.CA.Application.csproj", "{7E3E67CC-A7C4-4B3F-9436-D3588BCF6246}"
EndProject
Project("{9A19103F-16F7-4668-BE54-9A1E7A4F7556}") = "TGF.CA.Presentation", "TheGoodFramework\src\CleanArchitecture\TheGoodFramework.CA.Presentation\TGF.CA.Presentation.csproj", "{2457629B-D1AA-4E0F-A4BB-83B24773CBB7}"
EndProject
Project("{9A19103F-16F7-4668-BE54-9A1E7A4F7556}") = "TGF.Common.Logging", "TheGoodFramework\src\Common\TheGoodFramework.Common.Logging\TGF.Common.Logging.csproj", "{C6448EB0-0527-4352-B3D5-9B055B5D9989}"
EndProject
Project("{2150E333-8FDC-42A3-9474-1A3956D46DE8}") = "MandrilAPI", "MandrilAPI", "{C99E2FEE-FF97-45D3-A364-87B638F82D3C}"
EndProject
Project("{2150E333-8FDC-42A3-9474-1A3956D46DE8}") = "src", "src", "{D666E33F-6E19-435F-B1E1-B1746AF444C2}"
EndProject
Project("{9A19103F-16F7-4668-BE54-9A1E7A4F7556}") = "MandrilAPI", "MandrilAPI\src\MandrilAPI\MandrilAPI.csproj", "{2B7A9278-CCD8-4AFE-82D1-6BFD231FFFCD}"
EndProject
Project("{9A19103F-16F7-4668-BE54-9A1E7A4F7556}") = "MandrilBot", "MandrilAPI\src\MandrilBot\MandrilBot.csproj", "{BF00A6DE-2FAB-4C89-AAAE-DA730ED0504C}"
EndProject
Project("{2150E333-8FDC-42A3-9474-1A3956D46DE8}") = "CleanArchitecture", "CleanArchitecture", "{6213E9ED-68B2-4EDB-83F8-3A27F3DFE76B}"
EndProject
Project("{2150E333-8FDC-42A3-9474-1A3956D46DE8}") = "doc", "doc", "{2FE34A80-9202-4D23-AE67-33B1AE3C3944}"
	ProjectSection(SolutionItems) = preProject
		doc\ClassDiagram.png = doc\ClassDiagram.png
	EndProjectSection
EndProject
Project("{9A19103F-16F7-4668-BE54-9A1E7A4F7556}") = "TGF.CA.Infrastructure", "TheGoodFramework\src\CleanArchitecture\TheGoodFramework.CA.Infrastructure\TGF.CA.Infrastructure.csproj", "{52887C0C-B671-4B70-8A1E-386836A0700F}"
EndProject
Project("{2150E333-8FDC-42A3-9474-1A3956D46DE8}") = "Common", "Common", "{E29E6511-BCCD-4B0C-BA60-E92F3DA864BC}"
EndProject
Project("{9A19103F-16F7-4668-BE54-9A1E7A4F7556}") = "TGF.Common.Extensions", "TheGoodFramework\src\Common\TheGoodFramework.Common.Extensions\TGF.Common.Extensions.csproj", "{044D251E-DEC5-47E5-A8D0-FDE53BFF9062}"
EndProject
Project("{9A19103F-16F7-4668-BE54-9A1E7A4F7556}") = "TGF.Common.ROP", "TheGoodFramework\src\Common\TheGoodFramework.Common.ROP\TGF.Common.ROP.csproj", "{D5706821-96EE-49EC-B352-7379A5052014}"
EndProject
Global
	GlobalSection(SolutionConfigurationPlatforms) = preSolution
		Debug|Any CPU = Debug|Any CPU
		Release|Any CPU = Release|Any CPU
	EndGlobalSection
	GlobalSection(ProjectConfigurationPlatforms) = postSolution
		{EC8DA22D-9D90-434C-AF85-CD4D0DCED0E4}.Debug|Any CPU.ActiveCfg = Debug|Any CPU
		{EC8DA22D-9D90-434C-AF85-CD4D0DCED0E4}.Debug|Any CPU.Build.0 = Debug|Any CPU
		{EC8DA22D-9D90-434C-AF85-CD4D0DCED0E4}.Release|Any CPU.ActiveCfg = Release|Any CPU
		{EC8DA22D-9D90-434C-AF85-CD4D0DCED0E4}.Release|Any CPU.Build.0 = Release|Any CPU
		{BFD999F9-3365-40B9-9BF2-8DC98A815288}.Debug|Any CPU.ActiveCfg = Debug|Any CPU
		{BFD999F9-3365-40B9-9BF2-8DC98A815288}.Debug|Any CPU.Build.0 = Debug|Any CPU
		{BFD999F9-3365-40B9-9BF2-8DC98A815288}.Release|Any CPU.ActiveCfg = Release|Any CPU
		{BFD999F9-3365-40B9-9BF2-8DC98A815288}.Release|Any CPU.Build.0 = Release|Any CPU
		{7E3E67CC-A7C4-4B3F-9436-D3588BCF6246}.Debug|Any CPU.ActiveCfg = Debug|Any CPU
		{7E3E67CC-A7C4-4B3F-9436-D3588BCF6246}.Debug|Any CPU.Build.0 = Debug|Any CPU
		{7E3E67CC-A7C4-4B3F-9436-D3588BCF6246}.Release|Any CPU.ActiveCfg = Release|Any CPU
		{7E3E67CC-A7C4-4B3F-9436-D3588BCF6246}.Release|Any CPU.Build.0 = Release|Any CPU
		{2457629B-D1AA-4E0F-A4BB-83B24773CBB7}.Debug|Any CPU.ActiveCfg = Debug|Any CPU
		{2457629B-D1AA-4E0F-A4BB-83B24773CBB7}.Debug|Any CPU.Build.0 = Debug|Any CPU
		{2457629B-D1AA-4E0F-A4BB-83B24773CBB7}.Release|Any CPU.ActiveCfg = Release|Any CPU
		{2457629B-D1AA-4E0F-A4BB-83B24773CBB7}.Release|Any CPU.Build.0 = Release|Any CPU
		{C6448EB0-0527-4352-B3D5-9B055B5D9989}.Debug|Any CPU.ActiveCfg = Debug|Any CPU
		{C6448EB0-0527-4352-B3D5-9B055B5D9989}.Debug|Any CPU.Build.0 = Debug|Any CPU
		{C6448EB0-0527-4352-B3D5-9B055B5D9989}.Release|Any CPU.ActiveCfg = Release|Any CPU
		{C6448EB0-0527-4352-B3D5-9B055B5D9989}.Release|Any CPU.Build.0 = Release|Any CPU
		{2B7A9278-CCD8-4AFE-82D1-6BFD231FFFCD}.Debug|Any CPU.ActiveCfg = Debug|Any CPU
		{2B7A9278-CCD8-4AFE-82D1-6BFD231FFFCD}.Debug|Any CPU.Build.0 = Debug|Any CPU
		{2B7A9278-CCD8-4AFE-82D1-6BFD231FFFCD}.Release|Any CPU.ActiveCfg = Release|Any CPU
		{2B7A9278-CCD8-4AFE-82D1-6BFD231FFFCD}.Release|Any CPU.Build.0 = Release|Any CPU
		{BF00A6DE-2FAB-4C89-AAAE-DA730ED0504C}.Debug|Any CPU.ActiveCfg = Debug|Any CPU
		{BF00A6DE-2FAB-4C89-AAAE-DA730ED0504C}.Debug|Any CPU.Build.0 = Debug|Any CPU
		{BF00A6DE-2FAB-4C89-AAAE-DA730ED0504C}.Release|Any CPU.ActiveCfg = Release|Any CPU
		{BF00A6DE-2FAB-4C89-AAAE-DA730ED0504C}.Release|Any CPU.Build.0 = Release|Any CPU
		{52887C0C-B671-4B70-8A1E-386836A0700F}.Debug|Any CPU.ActiveCfg = Debug|Any CPU
		{52887C0C-B671-4B70-8A1E-386836A0700F}.Debug|Any CPU.Build.0 = Debug|Any CPU
		{52887C0C-B671-4B70-8A1E-386836A0700F}.Release|Any CPU.ActiveCfg = Release|Any CPU
		{52887C0C-B671-4B70-8A1E-386836A0700F}.Release|Any CPU.Build.0 = Release|Any CPU
		{044D251E-DEC5-47E5-A8D0-FDE53BFF9062}.Debug|Any CPU.ActiveCfg = Debug|Any CPU
		{044D251E-DEC5-47E5-A8D0-FDE53BFF9062}.Debug|Any CPU.Build.0 = Debug|Any CPU
		{044D251E-DEC5-47E5-A8D0-FDE53BFF9062}.Release|Any CPU.ActiveCfg = Release|Any CPU
		{044D251E-DEC5-47E5-A8D0-FDE53BFF9062}.Release|Any CPU.Build.0 = Release|Any CPU
		{D5706821-96EE-49EC-B352-7379A5052014}.Debug|Any CPU.ActiveCfg = Debug|Any CPU
		{D5706821-96EE-49EC-B352-7379A5052014}.Debug|Any CPU.Build.0 = Debug|Any CPU
		{D5706821-96EE-49EC-B352-7379A5052014}.Release|Any CPU.ActiveCfg = Release|Any CPU
		{D5706821-96EE-49EC-B352-7379A5052014}.Release|Any CPU.Build.0 = Release|Any CPU
	EndGlobalSection
	GlobalSection(SolutionProperties) = preSolution
		HideSolutionNode = FALSE
	EndGlobalSection
	GlobalSection(NestedProjects) = preSolution
		{EC8DA22D-9D90-434C-AF85-CD4D0DCED0E4} = {6D04C578-91D0-4B3A-860D-8D4C2F75286B}
		{E165D3AD-06A5-4D03-A2BB-26702119F746} = {AA02579D-7F5E-4470-ACB4-D23689B646BB}
		{7E3E67CC-A7C4-4B3F-9436-D3588BCF6246} = {6213E9ED-68B2-4EDB-83F8-3A27F3DFE76B}
		{2457629B-D1AA-4E0F-A4BB-83B24773CBB7} = {6213E9ED-68B2-4EDB-83F8-3A27F3DFE76B}
		{C6448EB0-0527-4352-B3D5-9B055B5D9989} = {E29E6511-BCCD-4B0C-BA60-E92F3DA864BC}
		{D666E33F-6E19-435F-B1E1-B1746AF444C2} = {C99E2FEE-FF97-45D3-A364-87B638F82D3C}
		{2B7A9278-CCD8-4AFE-82D1-6BFD231FFFCD} = {D666E33F-6E19-435F-B1E1-B1746AF444C2}
		{BF00A6DE-2FAB-4C89-AAAE-DA730ED0504C} = {D666E33F-6E19-435F-B1E1-B1746AF444C2}
		{6213E9ED-68B2-4EDB-83F8-3A27F3DFE76B} = {E165D3AD-06A5-4D03-A2BB-26702119F746}
		{52887C0C-B671-4B70-8A1E-386836A0700F} = {6213E9ED-68B2-4EDB-83F8-3A27F3DFE76B}
		{E29E6511-BCCD-4B0C-BA60-E92F3DA864BC} = {E165D3AD-06A5-4D03-A2BB-26702119F746}
		{044D251E-DEC5-47E5-A8D0-FDE53BFF9062} = {E29E6511-BCCD-4B0C-BA60-E92F3DA864BC}
		{D5706821-96EE-49EC-B352-7379A5052014} = {E29E6511-BCCD-4B0C-BA60-E92F3DA864BC}
	EndGlobalSection
	GlobalSection(ExtensibilityGlobals) = postSolution
		SolutionGuid = {B49DFA00-1F27-4323-92D1-7C47221BEAA1}
	EndGlobalSection
EndGlobal
